
Microsoft Visual Studio Solution File, Format Version 12.00
# Visual Studio 15
VisualStudioVersion = 15.0.28307.1145
MinimumVisualStudioVersion = 10.0.40219.1
Project("{FAE04EC0-301F-11D3-BF4B-00C04F79EFBC}") = "App1", "App1\App1.csproj", "{74D894A1-21DA-45D3-B828-23210F3BFEA7}"
EndProject
Project("{FAE04EC0-301F-11D3-BF4B-00C04F79EFBC}") = "ClassDatos", "ClassDatos\ClassDatos.csproj", "{C360462B-BB78-4B36-93D1-24D82BE3EC4F}"
EndProject
Project("{FAE04EC0-301F-11D3-BF4B-00C04F79EFBC}") = "ClassEntidades", "ClassEntidades\ClassEntidades.csproj", "{14B5E7ED-5C5A-411E-952A-FAA2564B66AA}"
EndProject
Project("{FAE04EC0-301F-11D3-BF4B-00C04F79EFBC}") = "ClassNegocio", "ClassNegocio\ClassNegocio.csproj", "{81B82E09-F7AB-4B16-B07D-5140C2322F68}"
EndProject
Global
	GlobalSection(SolutionConfigurationPlatforms) = preSolution
		Debug|Any CPU = Debug|Any CPU
		Release|Any CPU = Release|Any CPU
	EndGlobalSection
	GlobalSection(ProjectConfigurationPlatforms) = postSolution
		{74D894A1-21DA-45D3-B828-23210F3BFEA7}.Debug|Any CPU.ActiveCfg = Debug|Any CPU
		{74D894A1-21DA-45D3-B828-23210F3BFEA7}.Debug|Any CPU.Build.0 = Debug|Any CPU
		{74D894A1-21DA-45D3-B828-23210F3BFEA7}.Debug|Any CPU.Deploy.0 = Debug|Any CPU
		{74D894A1-21DA-45D3-B828-23210F3BFEA7}.Release|Any CPU.ActiveCfg = Release|Any CPU
		{74D894A1-21DA-45D3-B828-23210F3BFEA7}.Release|Any CPU.Build.0 = Release|Any CPU
		{74D894A1-21DA-45D3-B828-23210F3BFEA7}.Release|Any CPU.Deploy.0 = Release|Any CPU
		{C360462B-BB78-4B36-93D1-24D82BE3EC4F}.Debug|Any CPU.ActiveCfg = Debug|Any CPU
		{C360462B-BB78-4B36-93D1-24D82BE3EC4F}.Debug|Any CPU.Build.0 = Debug|Any CPU
		{C360462B-BB78-4B36-93D1-24D82BE3EC4F}.Release|Any CPU.ActiveCfg = Release|Any CPU
		{C360462B-BB78-4B36-93D1-24D82BE3EC4F}.Release|Any CPU.Build.0 = Release|Any CPU
		{14B5E7ED-5C5A-411E-952A-FAA2564B66AA}.Debug|Any CPU.ActiveCfg = Debug|Any CPU
		{14B5E7ED-5C5A-411E-952A-FAA2564B66AA}.Debug|Any CPU.Build.0 = Debug|Any CPU
		{14B5E7ED-5C5A-411E-952A-FAA2564B66AA}.Release|Any CPU.ActiveCfg = Release|Any CPU
		{14B5E7ED-5C5A-411E-952A-FAA2564B66AA}.Release|Any CPU.Build.0 = Release|Any CPU
		{81B82E09-F7AB-4B16-B07D-5140C2322F68}.Debug|Any CPU.ActiveCfg = Debug|Any CPU
		{81B82E09-F7AB-4B16-B07D-5140C2322F68}.Debug|Any CPU.Build.0 = Debug|Any CPU
		{81B82E09-F7AB-4B16-B07D-5140C2322F68}.Release|Any CPU.ActiveCfg = Release|Any CPU
		{81B82E09-F7AB-4B16-B07D-5140C2322F68}.Release|Any CPU.Build.0 = Release|Any CPU
	EndGlobalSection
	GlobalSection(SolutionProperties) = preSolution
		HideSolutionNode = FALSE
	EndGlobalSection
	GlobalSection(ExtensibilityGlobals) = postSolution
		SolutionGuid = {48BE554F-CE34-475E-BB07-F3BCBA7194F7}
	EndGlobalSection
EndGlobal
